
Microsoft Visual Studio Solution File, Format Version 12.00
# Visual Studio Version 16
VisualStudioVersion = 16.0.30711.63
MinimumVisualStudioVersion = 10.0.40219.1
Project("{FAE04EC0-301F-11D3-BF4B-00C04F79EFBC}") = "CacheMemoryExemplo.API", "CacheMemoryExemplo.API\CacheMemoryExemplo.API.csproj", "{6C13F947-FF0F-4F41-91F5-4C6EBB485C30}"
EndProject
Global
	GlobalSection(SolutionConfigurationPlatforms) = preSolution
		Debug|Any CPU = Debug|Any CPU
		Release|Any CPU = Release|Any CPU
	EndGlobalSection
	GlobalSection(ProjectConfigurationPlatforms) = postSolution
		{6C13F947-FF0F-4F41-91F5-4C6EBB485C30}.Debug|Any CPU.ActiveCfg = Debug|Any CPU
		{6C13F947-FF0F-4F41-91F5-4C6EBB485C30}.Debug|Any CPU.Build.0 = Debug|Any CPU
		{6C13F947-FF0F-4F41-91F5-4C6EBB485C30}.Release|Any CPU.ActiveCfg = Release|Any CPU
		{6C13F947-FF0F-4F41-91F5-4C6EBB485C30}.Release|Any CPU.Build.0 = Release|Any CPU
	EndGlobalSection
	GlobalSection(SolutionProperties) = preSolution
		HideSolutionNode = FALSE
	EndGlobalSection
	GlobalSection(ExtensibilityGlobals) = postSolution
		SolutionGuid = {64488A87-DB66-46A1-841C-6111D005EB2B}
	EndGlobalSection
EndGlobal
