
Microsoft Visual Studio Solution File, Format Version 12.00
# Visual Studio Version 16
VisualStudioVersion = 16.0.30406.217
MinimumVisualStudioVersion = 10.0.40219.1
Project("{FAE04EC0-301F-11D3-BF4B-00C04F79EFBC}") = "CacheMemory.Api", "CacheMemory.Api\CacheMemory.Api.csproj", "{9BDB6710-8DC2-4048-92D4-0494F0BED01E}"
EndProject
Global
	GlobalSection(SolutionConfigurationPlatforms) = preSolution
		Debug|Any CPU = Debug|Any CPU
		Release|Any CPU = Release|Any CPU
	EndGlobalSection
	GlobalSection(ProjectConfigurationPlatforms) = postSolution
		{9BDB6710-8DC2-4048-92D4-0494F0BED01E}.Debug|Any CPU.ActiveCfg = Debug|Any CPU
		{9BDB6710-8DC2-4048-92D4-0494F0BED01E}.Debug|Any CPU.Build.0 = Debug|Any CPU
		{9BDB6710-8DC2-4048-92D4-0494F0BED01E}.Release|Any CPU.ActiveCfg = Release|Any CPU
		{9BDB6710-8DC2-4048-92D4-0494F0BED01E}.Release|Any CPU.Build.0 = Release|Any CPU
	EndGlobalSection
	GlobalSection(SolutionProperties) = preSolution
		HideSolutionNode = FALSE
	EndGlobalSection
	GlobalSection(ExtensibilityGlobals) = postSolution
		SolutionGuid = {D1EDA939-3DD7-474B-B2CC-F032741812AC}
	EndGlobalSection
EndGlobal
